
Microsoft Visual Studio Solution File, Format Version 11.00
# Visual Studio 2010
Project("{8BC9CEB8-8B4A-11D0-8D11-00A0C91BC942}") = "IDLMgr", "IDLMgr.vcxproj", "{88D4F41E-75F4-4AE0-AAB5-BE29BD9CDE9C}"
EndProject
Project("{8BC9CEB8-8B4A-11D0-8D11-00A0C91BC942}") = "IdlStart64", "IdlStart\IdlStart64.vcxproj", "{7CA6AAFD-CCA3-40C1-8E9D-37CE87CE54CA}"
EndProject
Project("{8BC9CEB8-8B4A-11D0-8D11-00A0C91BC942}") = "IdlInterpreter", "IdlInterpreter\IdlInterpreter.vcxproj", "{7EEEFB55-3F81-4113-9A52-887068CDF961}"
EndProject
Project("{8BC9CEB8-8B4A-11D0-8D11-00A0C91BC942}") = "ApiDocs", "ApiDocs\ApiDocs.vcxproj", "{9CBD8E2A-E31A-484A-AF58-E1FB31E57F71}"
EndProject
Project("{8BC9CEB8-8B4A-11D0-8D11-00A0C91BC942}") = "IdlStart61", "IdlStart\IdlStart61.vcxproj", "{3FE37D78-6C7C-40F2-96FF-2469DAB39F4C}"
EndProject
Project("{8BC9CEB8-8B4A-11D0-8D11-00A0C91BC942}") = "IdlStart63", "IdlStart\IdlStart63.vcxproj", "{28376087-6087-4872-8916-5B1FDAA87361}"
EndProject
Project("{8BC9CEB8-8B4A-11D0-8D11-00A0C91BC942}") = "IdlStart71", "IdlStart\IdlStart71.vcxproj", "{6336C74B-F29B-4D3A-98A4-E1B448EB94FA}"
EndProject
Project("{8BC9CEB8-8B4A-11D0-8D11-00A0C91BC942}") = "IdlStart70", "IdlStart\IdlStart70.vcxproj", "{1BCB6A7C-4E0A-45CE-A77C-BEC0513D9458}"
EndProject
Global
	GlobalSection(SolutionConfigurationPlatforms) = preSolution
		Debug|Win32 = Debug|Win32
		Debug|x64 = Debug|x64
		Release|Win32 = Release|Win32
		Release|x64 = Release|x64
	EndGlobalSection
	GlobalSection(ProjectConfigurationPlatforms) = postSolution
		{88D4F41E-75F4-4AE0-AAB5-BE29BD9CDE9C}.Debug|Win32.ActiveCfg = Debug|Win32
		{88D4F41E-75F4-4AE0-AAB5-BE29BD9CDE9C}.Debug|x64.ActiveCfg = Debug|x64
		{88D4F41E-75F4-4AE0-AAB5-BE29BD9CDE9C}.Release|Win32.ActiveCfg = Release|Win32
		{88D4F41E-75F4-4AE0-AAB5-BE29BD9CDE9C}.Release|x64.ActiveCfg = Release|x64
		{7CA6AAFD-CCA3-40C1-8E9D-37CE87CE54CA}.Debug|Win32.ActiveCfg = Debug|Win32
		{7CA6AAFD-CCA3-40C1-8E9D-37CE87CE54CA}.Debug|Win32.Build.0 = Debug|Win32
		{7CA6AAFD-CCA3-40C1-8E9D-37CE87CE54CA}.Debug|x64.ActiveCfg = Debug|x64
		{7CA6AAFD-CCA3-40C1-8E9D-37CE87CE54CA}.Debug|x64.Build.0 = Debug|x64
		{7CA6AAFD-CCA3-40C1-8E9D-37CE87CE54CA}.Release|Win32.ActiveCfg = Release|Win32
		{7CA6AAFD-CCA3-40C1-8E9D-37CE87CE54CA}.Release|Win32.Build.0 = Release|Win32
		{7CA6AAFD-CCA3-40C1-8E9D-37CE87CE54CA}.Release|x64.ActiveCfg = Release|x64
		{7CA6AAFD-CCA3-40C1-8E9D-37CE87CE54CA}.Release|x64.Build.0 = Release|x64
		{7EEEFB55-3F81-4113-9A52-887068CDF961}.Debug|Win32.ActiveCfg = Debug|Win32
		{7EEEFB55-3F81-4113-9A52-887068CDF961}.Debug|Win32.Build.0 = Debug|Win32
		{7EEEFB55-3F81-4113-9A52-887068CDF961}.Debug|x64.ActiveCfg = Debug|x64
		{7EEEFB55-3F81-4113-9A52-887068CDF961}.Debug|x64.Build.0 = Debug|x64
		{7EEEFB55-3F81-4113-9A52-887068CDF961}.Release|Win32.ActiveCfg = Release|Win32
		{7EEEFB55-3F81-4113-9A52-887068CDF961}.Release|Win32.Build.0 = Release|Win32
		{7EEEFB55-3F81-4113-9A52-887068CDF961}.Release|x64.ActiveCfg = Release|x64
		{7EEEFB55-3F81-4113-9A52-887068CDF961}.Release|x64.Build.0 = Release|x64
		{9CBD8E2A-E31A-484A-AF58-E1FB31E57F71}.Debug|Win32.ActiveCfg = Debug|Win32
		{9CBD8E2A-E31A-484A-AF58-E1FB31E57F71}.Debug|x64.ActiveCfg = Debug|Win32
		{9CBD8E2A-E31A-484A-AF58-E1FB31E57F71}.Release|Win32.ActiveCfg = Release|Win32
		{9CBD8E2A-E31A-484A-AF58-E1FB31E57F71}.Release|x64.ActiveCfg = Release|Win32
		{3FE37D78-6C7C-40F2-96FF-2469DAB39F4C}.Debug|Win32.ActiveCfg = Debug|Win32
		{3FE37D78-6C7C-40F2-96FF-2469DAB39F4C}.Debug|Win32.Build.0 = Debug|Win32
		{3FE37D78-6C7C-40F2-96FF-2469DAB39F4C}.Debug|x64.ActiveCfg = Debug|Win32
		{3FE37D78-6C7C-40F2-96FF-2469DAB39F4C}.Release|Win32.ActiveCfg = Release|Win32
		{3FE37D78-6C7C-40F2-96FF-2469DAB39F4C}.Release|Win32.Build.0 = Release|Win32
		{3FE37D78-6C7C-40F2-96FF-2469DAB39F4C}.Release|x64.ActiveCfg = Release|Win32
		{28376087-6087-4872-8916-5B1FDAA87361}.Debug|Win32.ActiveCfg = Debug|Win32
		{28376087-6087-4872-8916-5B1FDAA87361}.Debug|Win32.Build.0 = Debug|Win32
		{28376087-6087-4872-8916-5B1FDAA87361}.Debug|x64.ActiveCfg = Debug|x64
		{28376087-6087-4872-8916-5B1FDAA87361}.Debug|x64.Build.0 = Debug|x64
		{28376087-6087-4872-8916-5B1FDAA87361}.Release|Win32.ActiveCfg = Release|Win32
		{28376087-6087-4872-8916-5B1FDAA87361}.Release|Win32.Build.0 = Release|Win32
		{28376087-6087-4872-8916-5B1FDAA87361}.Release|x64.ActiveCfg = Release|x64
		{28376087-6087-4872-8916-5B1FDAA87361}.Release|x64.Build.0 = Release|x64
		{6336C74B-F29B-4D3A-98A4-E1B448EB94FA}.Debug|Win32.ActiveCfg = Debug|Win32
		{6336C74B-F29B-4D3A-98A4-E1B448EB94FA}.Debug|Win32.Build.0 = Debug|Win32
		{6336C74B-F29B-4D3A-98A4-E1B448EB94FA}.Debug|x64.ActiveCfg = Debug|x64
		{6336C74B-F29B-4D3A-98A4-E1B448EB94FA}.Debug|x64.Build.0 = Debug|x64
		{6336C74B-F29B-4D3A-98A4-E1B448EB94FA}.Release|Win32.ActiveCfg = Release|Win32
		{6336C74B-F29B-4D3A-98A4-E1B448EB94FA}.Release|Win32.Build.0 = Release|Win32
		{6336C74B-F29B-4D3A-98A4-E1B448EB94FA}.Release|x64.ActiveCfg = Release|x64
		{6336C74B-F29B-4D3A-98A4-E1B448EB94FA}.Release|x64.Build.0 = Release|x64
		{1BCB6A7C-4E0A-45CE-A77C-BEC0513D9458}.Debug|Win32.ActiveCfg = Debug|Win32
		{1BCB6A7C-4E0A-45CE-A77C-BEC0513D9458}.Debug|Win32.Build.0 = Debug|Win32
		{1BCB6A7C-4E0A-45CE-A77C-BEC0513D9458}.Debug|x64.ActiveCfg = Debug|x64
		{1BCB6A7C-4E0A-45CE-A77C-BEC0513D9458}.Debug|x64.Build.0 = Debug|x64
		{1BCB6A7C-4E0A-45CE-A77C-BEC0513D9458}.Release|Win32.ActiveCfg = Release|Win32
		{1BCB6A7C-4E0A-45CE-A77C-BEC0513D9458}.Release|Win32.Build.0 = Release|Win32
		{1BCB6A7C-4E0A-45CE-A77C-BEC0513D9458}.Release|x64.ActiveCfg = Release|x64
		{1BCB6A7C-4E0A-45CE-A77C-BEC0513D9458}.Release|x64.Build.0 = Release|x64
	EndGlobalSection
	GlobalSection(SolutionProperties) = preSolution
		HideSolutionNode = FALSE
	EndGlobalSection
EndGlobal
