<?xml version="1.0" encoding="utf-8"?>
<Project ToolsVersion="4.0" xmlns="http://schemas.microsoft.com/developer/msbuild/2003">
  <ItemGroup>
    <Filter Include="Source Files">
      <UniqueIdentifier>{6ae4205c-5138-48dd-9832-47efdc17e359}</UniqueIdentifier>
      <Extensions>cpp;c;cxx;rc;def;r;odl;idl;hpj;bat</Extensions>
    </Filter>
    <Filter Include="Header Files">
      <UniqueIdentifier>{8d80c256-aa00-4368-939c-e2491d06dca1}</UniqueIdentifier>
      <Extensions>h;hpp;hxx;hm;inl</Extensions>
    </Filter>
  </ItemGroup>
  <ItemGroup>
    <ClCompile Include="AnimationCommands.cpp">
      <Filter>Source Files</Filter>
    </ClCompile>
    <ClCompile Include="ArrayCommands.cpp">
      <Filter>Source Files</Filter>
    </ClCompile>
    <ClCompile Include="GpuCommands.cpp">
      <Filter>Source Files</Filter>
    </ClCompile>
    <ClCompile Include="IdlFunctions.cpp">
      <Filter>Source Files</Filter>
    </ClCompile>
    <ClCompile Include="IdlStart.cpp">
      <Filter>Source Files</Filter>
    </ClCompile>
    <ClCompile Include="LayerCommands.cpp">
      <Filter>Source Files</Filter>
    </ClCompile>
    <ClCompile Include="MetadataCommands.cpp">
      <Filter>Source Files</Filter>
    </ClCompile>
    <ClCompile Include="MiscCommands.cpp">
      <Filter>Source Files</Filter>
    </ClCompile>
    <ClCompile Include="VisualizationCommands.cpp">
      <Filter>Source Files</Filter>
    </ClCompile>
    <ClCompile Include="WindowCommands.cpp">
      <Filter>Source Files</Filter>
    </ClCompile>
  </ItemGroup>
  <ItemGroup>
    <ClInclude Include="AnimationCommands.h">
      <Filter>Header Files</Filter>
    </ClInclude>
    <ClInclude Include="ArrayCommands.h">
      <Filter>Header Files</Filter>
    </ClInclude>
    <ClInclude Include="GpuCommands.h">
      <Filter>Header Files</Filter>
    </ClInclude>
    <ClInclude Include="IdlFunctions.h">
      <Filter>Header Files</Filter>
    </ClInclude>
    <ClInclude Include="IdlStart.h">
      <Filter>Header Files</Filter>
    </ClInclude>
    <ClInclude Include="LayerCommands.h">
      <Filter>Header Files</Filter>
    </ClInclude>
    <ClInclude Include="MetadataCommands.h">
      <Filter>Header Files</Filter>
    </ClInclude>
    <ClInclude Include="MiscCommands.h">
      <Filter>Header Files</Filter>
    </ClInclude>
    <ClInclude Include="VisualizationCommands.h">
      <Filter>Header Files</Filter>
    </ClInclude>
    <ClInclude Include="WindowCommands.h">
      <Filter>Header Files</Filter>
    </ClInclude>
  </ItemGroup>
</Project>